
Microsoft Visual Studio Solution File, Format Version 12.00
# Visual Studio Version 17
VisualStudioVersion = 17.14.36414.22
MinimumVisualStudioVersion = 10.0.40219.1
Project("{FAE04EC0-301F-11D3-BF4B-00C04F79EFBC}") = "TestOnMsSql", "..\EF.MsSql\TestOnMsSql\TestOnMsSql.csproj", "{3FBC81E0-064B-171D-731C-FA49638ABF8E}"
EndProject
Project("{FAE04EC0-301F-11D3-BF4B-00C04F79EFBC}") = "TestOnMySql", "..\EF.MySql\TestOnMySql\TestOnMySql.csproj", "{9F0AD2A1-47C6-59E9-5EC5-67994B704298}"
EndProject
Project("{FAE04EC0-301F-11D3-BF4B-00C04F79EFBC}") = "TestOnPostgres", "..\EF.Postgres\TestOnPostgres\TestOnPostgres.csproj", "{718BB489-0218-8869-CA63-09294C30286D}"
EndProject
Project("{FAE04EC0-301F-11D3-BF4B-00C04F79EFBC}") = "EF.MsSql", "..\EF.MsSql\EF.MsSql\EF.MsSql.csproj", "{D17F9ACD-F5A6-CF33-53C2-FFF121B8CE26}"
EndProject
Project("{FAE04EC0-301F-11D3-BF4B-00C04F79EFBC}") = "EF.MySql", "..\EF.MySql\EF.MySql\EF.MySql.csproj", "{B3892503-A217-380D-4330-45E785FFD809}"
EndProject
Project("{FAE04EC0-301F-11D3-BF4B-00C04F79EFBC}") = "EF.Postgres", "..\EF.Postgres\EF.Postgres\EF.Postgres.csproj", "{654EF90E-D310-862F-4E39-383D9B77CA87}"
EndProject
Global
	GlobalSection(SolutionConfigurationPlatforms) = preSolution
		Debug|Any CPU = Debug|Any CPU
		Release|Any CPU = Release|Any CPU
	EndGlobalSection
	GlobalSection(ProjectConfigurationPlatforms) = postSolution
		{3FBC81E0-064B-171D-731C-FA49638ABF8E}.Debug|Any CPU.ActiveCfg = Debug|Any CPU
		{3FBC81E0-064B-171D-731C-FA49638ABF8E}.Debug|Any CPU.Build.0 = Debug|Any CPU
		{3FBC81E0-064B-171D-731C-FA49638ABF8E}.Release|Any CPU.ActiveCfg = Release|Any CPU
		{3FBC81E0-064B-171D-731C-FA49638ABF8E}.Release|Any CPU.Build.0 = Release|Any CPU
		{9F0AD2A1-47C6-59E9-5EC5-67994B704298}.Debug|Any CPU.ActiveCfg = Debug|Any CPU
		{9F0AD2A1-47C6-59E9-5EC5-67994B704298}.Debug|Any CPU.Build.0 = Debug|Any CPU
		{9F0AD2A1-47C6-59E9-5EC5-67994B704298}.Release|Any CPU.ActiveCfg = Release|Any CPU
		{9F0AD2A1-47C6-59E9-5EC5-67994B704298}.Release|Any CPU.Build.0 = Release|Any CPU
		{718BB489-0218-8869-CA63-09294C30286D}.Debug|Any CPU.ActiveCfg = Debug|Any CPU
		{718BB489-0218-8869-CA63-09294C30286D}.Debug|Any CPU.Build.0 = Debug|Any CPU
		{718BB489-0218-8869-CA63-09294C30286D}.Release|Any CPU.ActiveCfg = Release|Any CPU
		{718BB489-0218-8869-CA63-09294C30286D}.Release|Any CPU.Build.0 = Release|Any CPU
		{D17F9ACD-F5A6-CF33-53C2-FFF121B8CE26}.Debug|Any CPU.ActiveCfg = Debug|Any CPU
		{D17F9ACD-F5A6-CF33-53C2-FFF121B8CE26}.Debug|Any CPU.Build.0 = Debug|Any CPU
		{D17F9ACD-F5A6-CF33-53C2-FFF121B8CE26}.Release|Any CPU.ActiveCfg = Release|Any CPU
		{D17F9ACD-F5A6-CF33-53C2-FFF121B8CE26}.Release|Any CPU.Build.0 = Release|Any CPU
		{B3892503-A217-380D-4330-45E785FFD809}.Debug|Any CPU.ActiveCfg = Debug|Any CPU
		{B3892503-A217-380D-4330-45E785FFD809}.Debug|Any CPU.Build.0 = Debug|Any CPU
		{B3892503-A217-380D-4330-45E785FFD809}.Release|Any CPU.ActiveCfg = Release|Any CPU
		{B3892503-A217-380D-4330-45E785FFD809}.Release|Any CPU.Build.0 = Release|Any CPU
		{654EF90E-D310-862F-4E39-383D9B77CA87}.Debug|Any CPU.ActiveCfg = Debug|Any CPU
		{654EF90E-D310-862F-4E39-383D9B77CA87}.Debug|Any CPU.Build.0 = Debug|Any CPU
		{654EF90E-D310-862F-4E39-383D9B77CA87}.Release|Any CPU.ActiveCfg = Release|Any CPU
		{654EF90E-D310-862F-4E39-383D9B77CA87}.Release|Any CPU.Build.0 = Release|Any CPU
	EndGlobalSection
	GlobalSection(SolutionProperties) = preSolution
		HideSolutionNode = FALSE
	EndGlobalSection
	GlobalSection(ExtensibilityGlobals) = postSolution
		SolutionGuid = {89CF2531-0B8A-4A18-AA99-A58910C97DFC}
	EndGlobalSection
EndGlobal
