
Microsoft Visual Studio Solution File, Format Version 12.00
# Visual Studio Version 17
VisualStudioVersion = 17.14.36414.22
MinimumVisualStudioVersion = 10.0.40219.1
Project("{FAE04EC0-301F-11D3-BF4B-00C04F79EFBC}") = "EF.MsSql", "EF.MsSql\EF.MsSql.csproj", "{17D44A1D-684A-4A1B-8171-5BE5C9537C43}"
EndProject
Project("{FAE04EC0-301F-11D3-BF4B-00C04F79EFBC}") = "TestOnMsSql", "TestOnMsSql\TestOnMsSql.csproj", "{AA5E293C-E76B-4897-A7DF-CCD0BE79DD07}"
EndProject
Global
	GlobalSection(SolutionConfigurationPlatforms) = preSolution
		Debug|Any CPU = Debug|Any CPU
		Release|Any CPU = Release|Any CPU
	EndGlobalSection
	GlobalSection(ProjectConfigurationPlatforms) = postSolution
		{17D44A1D-684A-4A1B-8171-5BE5C9537C43}.Debug|Any CPU.ActiveCfg = Debug|Any CPU
		{17D44A1D-684A-4A1B-8171-5BE5C9537C43}.Debug|Any CPU.Build.0 = Debug|Any CPU
		{17D44A1D-684A-4A1B-8171-5BE5C9537C43}.Release|Any CPU.ActiveCfg = Release|Any CPU
		{17D44A1D-684A-4A1B-8171-5BE5C9537C43}.Release|Any CPU.Build.0 = Release|Any CPU
		{AA5E293C-E76B-4897-A7DF-CCD0BE79DD07}.Debug|Any CPU.ActiveCfg = Debug|Any CPU
		{AA5E293C-E76B-4897-A7DF-CCD0BE79DD07}.Debug|Any CPU.Build.0 = Debug|Any CPU
		{AA5E293C-E76B-4897-A7DF-CCD0BE79DD07}.Release|Any CPU.ActiveCfg = Release|Any CPU
		{AA5E293C-E76B-4897-A7DF-CCD0BE79DD07}.Release|Any CPU.Build.0 = Release|Any CPU
	EndGlobalSection
	GlobalSection(SolutionProperties) = preSolution
		HideSolutionNode = FALSE
	EndGlobalSection
	GlobalSection(ExtensibilityGlobals) = postSolution
		SolutionGuid = {B59320A0-AFCF-4D15-8D72-B338CFCC2D60}
	EndGlobalSection
EndGlobal
